Microsoft Visual Studio Solution File, Format Version 12.00
# Visual Studio 15
VisualStudioVersion = 15.0.27130.2003
MinimumVisualStudioVersion = 15.0.26124.0
Project("{9A19103F-16F7-4668-BE54-9A1E7A4F7556}") = "IPFS.Client", "IPFS.Client\IPFS.Client.csproj", "{02315C0C-9046-459B-9012-CA5E80FDD1CB}"
EndProject
Project("{9A19103F-16F7-4668-BE54-9A1E7A4F7556}") = "IPFS.Integration", "IPFS.Integration\IPFS.Integration.csproj", "{92CE75BD-4A98-497C-8C84-572996B666BB}"
EndProject
Project("{9A19103F-16F7-4668-BE54-9A1E7A4F7556}") = "IPFS.Results", "IPFS.Results\IPFS.Results.csproj", "{DFF31A6A-D6D7-408C-ACA2-6B34CA012FFD}"
EndProject
Project("{9A19103F-16F7-4668-BE54-9A1E7A4F7556}") = "IPFS.Integration.Tests", "Tests\IPFS.Integration.Tests\IPFS.Integration.Tests.csproj", "{73ACCB4C-51AC-475A-8F42-E0454C4F7B47}"
EndProject
Project("{9A19103F-16F7-4668-BE54-9A1E7A4F7556}") = "IPFS.Runner", "IPFS.Runner\IPFS.Runner.csproj", "{55D4D49B-F19F-4FB2-B0D1-5F958D98A422}"
EndProject
Project("{9A19103F-16F7-4668-BE54-9A1E7A4F7556}") = "IPFS.Services", "IPFS.Services\IPFS.Services.csproj", "{C04130B8-84B3-46A5-9E64-F12E12E4D777}"
EndProject
Project("{9A19103F-16F7-4668-BE54-9A1E7A4F7556}") = "IPFS.Utils", "IPFS.Utils\IPFS.Utils.csproj", "{0A38D9C0-7672-48C3-9587-0BF1987A9622}"
EndProject
Project("{2150E333-8FDC-42A3-9474-1A3956D46DE8}") = "Tests", "Tests", "{04336E46-0EA6-4680-AF1B-8B8EBD2744E0}"
EndProject
Project("{2150E333-8FDC-42A3-9474-1A3956D46DE8}") = "IPFS.Desktop", "IPFS.Desktop", "{5CBC29EA-63D7-464B-9503-690C12F702D6}"
EndProject
Project("{FAE04EC0-301F-11D3-BF4B-00C04F79EFBC}") = "IPFS.Desktop.Bridge", "IPFS.Desktop\IPFS.Desktop.Bridge\IPFS.Desktop.Bridge.csproj", "{72F0F6F3-0F62-40CC-AF3D-76D652639660}"
EndProject
Global
	GlobalSection(SolutionConfigurationPlatforms) = preSolution
		Debug|Any CPU = Debug|Any CPU
		Debug|x64 = Debug|x64
		Debug|x86 = Debug|x86
		Release|Any CPU = Release|Any CPU
		Release|x64 = Release|x64
		Release|x86 = Release|x86
	EndGlobalSection
	GlobalSection(ProjectConfigurationPlatforms) = postSolution
		{02315C0C-9046-459B-9012-CA5E80FDD1CB}.Debug|Any CPU.ActiveCfg = Debug|Any CPU
		{02315C0C-9046-459B-9012-CA5E80FDD1CB}.Debug|Any CPU.Build.0 = Debug|Any CPU
		{02315C0C-9046-459B-9012-CA5E80FDD1CB}.Debug|x64.ActiveCfg = Debug|Any CPU
		{02315C0C-9046-459B-9012-CA5E80FDD1CB}.Debug|x64.Build.0 = Debug|Any CPU
		{02315C0C-9046-459B-9012-CA5E80FDD1CB}.Debug|x86.ActiveCfg = Debug|Any CPU
		{02315C0C-9046-459B-9012-CA5E80FDD1CB}.Debug|x86.Build.0 = Debug|Any CPU
		{02315C0C-9046-459B-9012-CA5E80FDD1CB}.Release|Any CPU.ActiveCfg = Release|Any CPU
		{02315C0C-9046-459B-9012-CA5E80FDD1CB}.Release|Any CPU.Build.0 = Release|Any CPU
		{02315C0C-9046-459B-9012-CA5E80FDD1CB}.Release|x64.ActiveCfg = Release|Any CPU
		{02315C0C-9046-459B-9012-CA5E80FDD1CB}.Release|x64.Build.0 = Release|Any CPU
		{02315C0C-9046-459B-9012-CA5E80FDD1CB}.Release|x86.ActiveCfg = Release|Any CPU
		{02315C0C-9046-459B-9012-CA5E80FDD1CB}.Release|x86.Build.0 = Release|Any CPU
		{92CE75BD-4A98-497C-8C84-572996B666BB}.Debug|Any CPU.ActiveCfg = Debug|Any CPU
		{92CE75BD-4A98-497C-8C84-572996B666BB}.Debug|Any CPU.Build.0 = Debug|Any CPU
		{92CE75BD-4A98-497C-8C84-572996B666BB}.Debug|x64.ActiveCfg = Debug|Any CPU
		{92CE75BD-4A98-497C-8C84-572996B666BB}.Debug|x64.Build.0 = Debug|Any CPU
		{92CE75BD-4A98-497C-8C84-572996B666BB}.Debug|x86.ActiveCfg = Debug|Any CPU
		{92CE75BD-4A98-497C-8C84-572996B666BB}.Debug|x86.Build.0 = Debug|Any CPU
		{92CE75BD-4A98-497C-8C84-572996B666BB}.Release|Any CPU.ActiveCfg = Release|Any CPU
		{92CE75BD-4A98-497C-8C84-572996B666BB}.Release|Any CPU.Build.0 = Release|Any CPU
		{92CE75BD-4A98-497C-8C84-572996B666BB}.Release|x64.ActiveCfg = Release|Any CPU
		{92CE75BD-4A98-497C-8C84-572996B666BB}.Release|x64.Build.0 = Release|Any CPU
		{92CE75BD-4A98-497C-8C84-572996B666BB}.Release|x86.ActiveCfg = Release|Any CPU
		{92CE75BD-4A98-497C-8C84-572996B666BB}.Release|x86.Build.0 = Release|Any CPU
		{DFF31A6A-D6D7-408C-ACA2-6B34CA012FFD}.Debug|Any CPU.ActiveCfg = Debug|Any CPU
		{DFF31A6A-D6D7-408C-ACA2-6B34CA012FFD}.Debug|Any CPU.Build.0 = Debug|Any CPU
		{DFF31A6A-D6D7-408C-ACA2-6B34CA012FFD}.Debug|x64.ActiveCfg = Debug|Any CPU
		{DFF31A6A-D6D7-408C-ACA2-6B34CA012FFD}.Debug|x64.Build.0 = Debug|Any CPU
		{DFF31A6A-D6D7-408C-ACA2-6B34CA012FFD}.Debug|x86.ActiveCfg = Debug|Any CPU
		{DFF31A6A-D6D7-408C-ACA2-6B34CA012FFD}.Debug|x86.Build.0 = Debug|Any CPU
		{DFF31A6A-D6D7-408C-ACA2-6B34CA012FFD}.Release|Any CPU.ActiveCfg = Release|Any CPU
		{DFF31A6A-D6D7-408C-ACA2-6B34CA012FFD}.Release|Any CPU.Build.0 = Release|Any CPU
		{DFF31A6A-D6D7-408C-ACA2-6B34CA012FFD}.Release|x64.ActiveCfg = Release|Any CPU
		{DFF31A6A-D6D7-408C-ACA2-6B34CA012FFD}.Release|x64.Build.0 = Release|Any CPU
		{DFF31A6A-D6D7-408C-ACA2-6B34CA012FFD}.Release|x86.ActiveCfg = Release|Any CPU
		{DFF31A6A-D6D7-408C-ACA2-6B34CA012FFD}.Release|x86.Build.0 = Release|Any CPU
		{73ACCB4C-51AC-475A-8F42-E0454C4F7B47}.Debug|Any CPU.ActiveCfg = Debug|Any CPU
		{73ACCB4C-51AC-475A-8F42-E0454C4F7B47}.Debug|Any CPU.Build.0 = Debug|Any CPU
		{73ACCB4C-51AC-475A-8F42-E0454C4F7B47}.Debug|x64.ActiveCfg = Debug|Any CPU
		{73ACCB4C-51AC-475A-8F42-E0454C4F7B47}.Debug|x64.Build.0 = Debug|Any CPU
		{73ACCB4C-51AC-475A-8F42-E0454C4F7B47}.Debug|x86.ActiveCfg = Debug|Any CPU
		{73ACCB4C-51AC-475A-8F42-E0454C4F7B47}.Debug|x86.Build.0 = Debug|Any CPU
		{73ACCB4C-51AC-475A-8F42-E0454C4F7B47}.Release|Any CPU.ActiveCfg = Release|Any CPU
		{73ACCB4C-51AC-475A-8F42-E0454C4F7B47}.Release|Any CPU.Build.0 = Release|Any CPU
		{73ACCB4C-51AC-475A-8F42-E0454C4F7B47}.Release|x64.ActiveCfg = Release|Any CPU
		{73ACCB4C-51AC-475A-8F42-E0454C4F7B47}.Release|x64.Build.0 = Release|Any CPU
		{73ACCB4C-51AC-475A-8F42-E0454C4F7B47}.Release|x86.ActiveCfg = Release|Any CPU
		{73ACCB4C-51AC-475A-8F42-E0454C4F7B47}.Release|x86.Build.0 = Release|Any CPU
		{55D4D49B-F19F-4FB2-B0D1-5F958D98A422}.Debug|Any CPU.ActiveCfg = Debug|Any CPU
		{55D4D49B-F19F-4FB2-B0D1-5F958D98A422}.Debug|Any CPU.Build.0 = Debug|Any CPU
		{55D4D49B-F19F-4FB2-B0D1-5F958D98A422}.Debug|x64.ActiveCfg = Debug|Any CPU
		{55D4D49B-F19F-4FB2-B0D1-5F958D98A422}.Debug|x64.Build.0 = Debug|Any CPU
		{55D4D49B-F19F-4FB2-B0D1-5F958D98A422}.Debug|x86.ActiveCfg = Debug|Any CPU
		{55D4D49B-F19F-4FB2-B0D1-5F958D98A422}.Debug|x86.Build.0 = Debug|Any CPU
		{55D4D49B-F19F-4FB2-B0D1-5F958D98A422}.Release|Any CPU.ActiveCfg = Release|Any CPU
		{55D4D49B-F19F-4FB2-B0D1-5F958D98A422}.Release|Any CPU.Build.0 = Release|Any CPU
		{55D4D49B-F19F-4FB2-B0D1-5F958D98A422}.Release|x64.ActiveCfg = Release|Any CPU
		{55D4D49B-F19F-4FB2-B0D1-5F958D98A422}.Release|x64.Build.0 = Release|Any CPU
		{55D4D49B-F19F-4FB2-B0D1-5F958D98A422}.Release|x86.ActiveCfg = Release|Any CPU
		{55D4D49B-F19F-4FB2-B0D1-5F958D98A422}.Release|x86.Build.0 = Release|Any CPU
		{C04130B8-84B3-46A5-9E64-F12E12E4D777}.Debug|Any CPU.ActiveCfg = Debug|Any CPU
		{C04130B8-84B3-46A5-9E64-F12E12E4D777}.Debug|Any CPU.Build.0 = Debug|Any CPU
		{C04130B8-84B3-46A5-9E64-F12E12E4D777}.Debug|x64.ActiveCfg = Debug|Any CPU
		{C04130B8-84B3-46A5-9E64-F12E12E4D777}.Debug|x64.Build.0 = Debug|Any CPU
		{C04130B8-84B3-46A5-9E64-F12E12E4D777}.Debug|x86.ActiveCfg = Debug|Any CPU
		{C04130B8-84B3-46A5-9E64-F12E12E4D777}.Debug|x86.Build.0 = Debug|Any CPU
		{C04130B8-84B3-46A5-9E64-F12E12E4D777}.Release|Any CPU.ActiveCfg = Release|Any CPU
		{C04130B8-84B3-46A5-9E64-F12E12E4D777}.Release|Any CPU.Build.0 = Release|Any CPU
		{C04130B8-84B3-46A5-9E64-F12E12E4D777}.Release|x64.ActiveCfg = Release|Any CPU
		{C04130B8-84B3-46A5-9E64-F12E12E4D777}.Release|x64.Build.0 = Release|Any CPU
		{C04130B8-84B3-46A5-9E64-F12E12E4D777}.Release|x86.ActiveCfg = Release|Any CPU
		{C04130B8-84B3-46A5-9E64-F12E12E4D777}.Release|x86.Build.0 = Release|Any CPU
		{0A38D9C0-7672-48C3-9587-0BF1987A9622}.Debug|Any CPU.ActiveCfg = Debug|Any CPU
		{0A38D9C0-7672-48C3-9587-0BF1987A9622}.Debug|Any CPU.Build.0 = Debug|Any CPU
		{0A38D9C0-7672-48C3-9587-0BF1987A9622}.Debug|x64.ActiveCfg = Debug|Any CPU
		{0A38D9C0-7672-48C3-9587-0BF1987A9622}.Debug|x64.Build.0 = Debug|Any CPU
		{0A38D9C0-7672-48C3-9587-0BF1987A9622}.Debug|x86.ActiveCfg = Debug|Any CPU
		{0A38D9C0-7672-48C3-9587-0BF1987A9622}.Debug|x86.Build.0 = Debug|Any CPU
		{0A38D9C0-7672-48C3-9587-0BF1987A9622}.Release|Any CPU.ActiveCfg = Release|Any CPU
		{0A38D9C0-7672-48C3-9587-0BF1987A9622}.Release|Any CPU.Build.0 = Release|Any CPU
		{0A38D9C0-7672-48C3-9587-0BF1987A9622}.Release|x64.ActiveCfg = Release|Any CPU
		{0A38D9C0-7672-48C3-9587-0BF1987A9622}.Release|x64.Build.0 = Release|Any CPU
		{0A38D9C0-7672-48C3-9587-0BF1987A9622}.Release|x86.ActiveCfg = Release|Any CPU
		{0A38D9C0-7672-48C3-9587-0BF1987A9622}.Release|x86.Build.0 = Release|Any CPU
		{72F0F6F3-0F62-40CC-AF3D-76D652639660}.Debug|Any CPU.ActiveCfg = Debug|Any CPU
		{72F0F6F3-0F62-40CC-AF3D-76D652639660}.Debug|Any CPU.Build.0 = Debug|Any CPU
		{72F0F6F3-0F62-40CC-AF3D-76D652639660}.Debug|x64.ActiveCfg = Debug|Any CPU
		{72F0F6F3-0F62-40CC-AF3D-76D652639660}.Debug|x64.Build.0 = Debug|Any CPU
		{72F0F6F3-0F62-40CC-AF3D-76D652639660}.Debug|x86.ActiveCfg = Debug|Any CPU
		{72F0F6F3-0F62-40CC-AF3D-76D652639660}.Debug|x86.Build.0 = Debug|Any CPU
		{72F0F6F3-0F62-40CC-AF3D-76D652639660}.Release|Any CPU.ActiveCfg = Release|Any CPU
		{72F0F6F3-0F62-40CC-AF3D-76D652639660}.Release|Any CPU.Build.0 = Release|Any CPU
		{72F0F6F3-0F62-40CC-AF3D-76D652639660}.Release|x64.ActiveCfg = Release|Any CPU
		{72F0F6F3-0F62-40CC-AF3D-76D652639660}.Release|x64.Build.0 = Release|Any CPU
		{72F0F6F3-0F62-40CC-AF3D-76D652639660}.Release|x86.ActiveCfg = Release|Any CPU
		{72F0F6F3-0F62-40CC-AF3D-76D652639660}.Release|x86.Build.0 = Release|Any CPU
	EndGlobalSection
	GlobalSection(SolutionProperties) = preSolution
		HideSolutionNode = FALSE
	EndGlobalSection
	GlobalSection(NestedProjects) = preSolution
		{73ACCB4C-51AC-475A-8F42-E0454C4F7B47} = {04336E46-0EA6-4680-AF1B-8B8EBD2744E0}
		{72F0F6F3-0F62-40CC-AF3D-76D652639660} = {5CBC29EA-63D7-464B-9503-690C12F702D6}
	EndGlobalSection
	GlobalSection(ExtensibilityGlobals) = postSolution
		SolutionGuid = {229C646C-C346-41E4-A763-BB552900557D}
	EndGlobalSection
EndGlobal
